// !$*UTF8*$!
{
	archiveVersion = 1;
	classes = {
	};
	objectVersion = 55;
	objects = {

/* Begin PBXBuildFile section */
		4BA80EE327B69DCE00E7AA6B /* CategoryTableViewController.swift in Sources */ = {isa = PBXBuildFile; fileRef = 4BA80EE227B69DCE00E7AA6B /* CategoryTableViewController.swift */; };
		4BA80EE527B8009B00E7AA6B /* Data.swift in Sources */ = {isa = PBXBuildFile; fileRef = 4BA80EE427B8009B00E7AA6B /* Data.swift */; };
		4BB70A8227B0F6C4004A51DF /* AppDelegate.swift in Sources */ = {isa = PBXBuildFile; fileRef = 4BB70A8127B0F6C4004A51DF /* AppDelegate.swift */; };
		4BB70A8427B0F6C4004A51DF /* SceneDelegate.swift in Sources */ = {isa = PBXBuildFile; fileRef = 4BB70A8327B0F6C4004A51DF /* SceneDelegate.swift */; };
		4BB70A8627B0F6C4004A51DF /* TodoListViewController.swift in Sources */ = {isa = PBXBuildFile; fileRef = 4BB70A8527B0F6C4004A51DF /* TodoListViewController.swift */; };
		4BB70A8927B0F6C4004A51DF /* Main.storyboard in Resources */ = {isa = PBXBuildFile; fileRef = 4BB70A8727B0F6C4004A51DF /* Main.storyboard */; };
		4BB70A8B27B0F6C6004A51DF /* Assets.xcassets in Resources */ = {isa = PBXBuildFile; fileRef = 4BB70A8A27B0F6C6004A51DF /* Assets.xcassets */; };
		4BB70A8E27B0F6C6004A51DF /* LaunchScreen.storyboard in Resources */ = {isa = PBXBuildFile; fileRef = 4BB70A8C27B0F6C6004A51DF /* LaunchScreen.storyboard */; };
		4BB70A9A27B4062D004A51DF /* DataModel.xcdatamodeld in Sources */ = {isa = PBXBuildFile; fileRef = 4BB70A9827B4062C004A51DF /* DataModel.xcdatamodeld */; };
		9FA971241D1EB0D0FB3BFD2D /* Pods_TodoApp.framework in Frameworks */ = {isa = PBXBuildFile; fileRef = CC63CF8F8683F10418493339 /* Pods_TodoApp.framework */; };
/* End PBXBuildFile section */

/* Begin PBXFileReference section */
		4BA80EE227B69DCE00E7AA6B /* CategoryTableViewController.swift */ = {isa = PBXFileReference; lastKnownFileType = sourcecode.swift; path = CategoryTableViewController.swift; sourceTree = "<group>"; };
		4BA80EE427B8009B00E7AA6B /* Data.swift */ = {isa = PBXFileReference; lastKnownFileType = sourcecode.swift; path = Data.swift; sourceTree = "<group>"; };
		4BB70A7E27B0F6C4004A51DF /* TodoApp.app */ = {isa = PBXFileReference; explicitFileType = wrapper.application; includeInIndex = 0; path = TodoApp.app; sourceTree = BUILT_PRODUCTS_DIR; };
		4BB70A8127B0F6C4004A51DF /* AppDelegate.swift */ = {isa = PBXFileReference; lastKnownFileType = sourcecode.swift; path = AppDelegate.swift; sourceTree = "<group>"; };
		4BB70A8327B0F6C4004A51DF /* SceneDelegate.swift */ = {isa = PBXFileReference; lastKnownFileType = sourcecode.swift; path = SceneDelegate.swift; sourceTree = "<group>"; };
		4BB70A8527B0F6C4004A51DF /* TodoListViewController.swift */ = {isa = PBXFileReference; lastKnownFileType = sourcecode.swift; path = TodoListViewController.swift; sourceTree = "<group>"; };
		4BB70A8827B0F6C4004A51DF /* Base */ = {isa = PBXFileReference; lastKnownFileType = file.storyboard; name = Base; path = Base.lproj/Main.storyboard; sourceTree = "<group>"; };
		4BB70A8A27B0F6C6004A51DF /* Assets.xcassets */ = {isa = PBXFileReference; lastKnownFileType = folder.assetcatalog; path = Assets.xcassets; sourceTree = "<group>"; };
		4BB70A8D27B0F6C6004A51DF /* Base */ = {isa = PBXFileReference; lastKnownFileType = file.storyboard; name = Base; path = Base.lproj/LaunchScreen.storyboard; sourceTree = "<group>"; };
		4BB70A8F27B0F6C6004A51DF /* Info.plist */ = {isa = PBXFileReference; lastKnownFileType = text.plist.xml; path = Info.plist; sourceTree = "<group>"; };
		4BB70A9927B4062D004A51DF /* DataModel.xcdatamodel */ = {isa = PBXFileReference; lastKnownFileType = wrapper.xcdatamodel; path = DataModel.xcdatamodel; sourceTree = "<group>"; };
		89C37F0DCE0FF168435D4EA9 /* Pods-TodoApp.debug.xcconfig */ = {isa = PBXFileReference; includeInIndex = 1; lastKnownFileType = text.xcconfig; name = "Pods-TodoApp.debug.xcconfig"; path = "Target Support Files/Pods-TodoApp/Pods-TodoApp.debug.xcconfig"; sourceTree = "<group>"; };
		CC63CF8F8683F10418493339 /* Pods_TodoApp.framework */ = {isa = PBXFileReference; explicitFileType = wrapper.framework; includeInIndex = 0; path = Pods_TodoApp.framework; sourceTree = BUILT_PRODUCTS_DIR; };
		CEB9FFC08B2AB26081AEEA62 /* Pods-TodoApp.release.xcconfig */ = {isa = PBXFileReference; includeInIndex = 1; lastKnownFileType = text.xcconfig; name = "Pods-TodoApp.release.xcconfig"; path = "Target Support Files/Pods-TodoApp/Pods-TodoApp.release.xcconfig"; sourceTree = "<group>"; };
/* End PBXFileReference section */

/* Begin PBXFrameworksBuildPhase section */
		4BB70A7B27B0F6C4004A51DF /* Frameworks */ = {
			isa = PBXFrameworksBuildPhase;
			buildActionMask = 2147483647;
			files = (
				9FA971241D1EB0D0FB3BFD2D /* Pods_TodoApp.framework in Frameworks */,
			);
			runOnlyForDeploymentPostprocessing = 0;
		};
/* End PBXFrameworksBuildPhase section */

/* Begin PBXGroup section */
		4BB70A7527B0F6C4004A51DF = {
			isa = PBXGroup;
			children = (
				4BB70A8027B0F6C4004A51DF /* TodoApp */,
				4BB70A7F27B0F6C4004A51DF /* Products */,
				9FAB3BA6CD0D023EAB3B63DB /* Pods */,
				CFA4D37FA73ABE2D1F88F49B /* Frameworks */,
			);
			sourceTree = "<group>";
		};
		4BB70A7F27B0F6C4004A51DF /* Products */ = {
			isa = PBXGroup;
			children = (
				4BB70A7E27B0F6C4004A51DF /* TodoApp.app */,
			);
			name = Products;
			sourceTree = "<group>";
		};
		4BB70A8027B0F6C4004A51DF /* TodoApp */ = {
			isa = PBXGroup;
			children = (
				4BB70A8127B0F6C4004A51DF /* AppDelegate.swift */,
				4BB70A8327B0F6C4004A51DF /* SceneDelegate.swift */,
				4BB70A8527B0F6C4004A51DF /* TodoListViewController.swift */,
				4BB70A8727B0F6C4004A51DF /* Main.storyboard */,
				4BA80EE227B69DCE00E7AA6B /* CategoryTableViewController.swift */,
				4BB70A9727B2389A004A51DF /* DataModel */,
				4BB70A8A27B0F6C6004A51DF /* Assets.xcassets */,
				4BB70A8C27B0F6C6004A51DF /* LaunchScreen.storyboard */,
				4BB70A8F27B0F6C6004A51DF /* Info.plist */,
				4BA80EE427B8009B00E7AA6B /* Data.swift */,
			);
			path = TodoApp;
			sourceTree = "<group>";
		};
		4BB70A9727B2389A004A51DF /* DataModel */ = {
			isa = PBXGroup;
			children = (
				4BB70A9827B4062C004A51DF /* DataModel.xcdatamodeld */,
			);
			path = DataModel;
			sourceTree = "<group>";
		};
		9FAB3BA6CD0D023EAB3B63DB /* Pods */ = {
			isa = PBXGroup;
			children = (
				89C37F0DCE0FF168435D4EA9 /* Pods-TodoApp.debug.xcconfig */,
				CEB9FFC08B2AB26081AEEA62 /* Pods-TodoApp.release.xcconfig */,
			);
			path = Pods;
			sourceTree = "<group>";
		};
		CFA4D37FA73ABE2D1F88F49B /* Frameworks */ = {
			isa = PBXGroup;
			children = (
				CC63CF8F8683F10418493339 /* Pods_TodoApp.framework */,
			);
			name = Frameworks;
			sourceTree = "<group>";
		};
/* End PBXGroup section */

/* Begin PBXNativeTarget section */
		4BB70A7D27B0F6C4004A51DF /* TodoApp */ = {
			isa = PBXNativeTarget;
			buildConfigurationList = 4BB70A9227B0F6C6004A51DF /* Build configuration list for PBXNativeTarget "TodoApp" */;
			buildPhases = (
				1075AE3CDBEA9FE515099691 /* [CP] Check Pods Manifest.lock */,
				4BB70A7A27B0F6C4004A51DF /* Sources */,
				4BB70A7B27B0F6C4004A51DF /* Frameworks */,
				4BB70A7C27B0F6C4004A51DF /* Resources */,
				CC83514D072E3EEA4288505C /* [CP] Embed Pods Frameworks */,
			);
			buildRules = (
			);
			dependencies = (
			);
			name = TodoApp;
			productName = TodoApp;
			productReference = 4BB70A7E27B0F6C4004A51DF /* TodoApp.app */;
			productType = "com.apple.product-type.application";
		};
/* End PBXNativeTarget section */

/* Begin PBXProject section */
		4BB70A7627B0F6C4004A51DF /* Project object */ = {
			isa = PBXProject;
			attributes = {
				BuildIndependentTargetsInParallel = 1;
				LastSwiftUpdateCheck = 1320;
				LastUpgradeCheck = 1320;
				TargetAttributes = {
					4BB70A7D27B0F6C4004A51DF = {
						CreatedOnToolsVersion = 13.2.1;
					};
				};
			};
			buildConfigurationList = 4BB70A7927B0F6C4004A51DF /* Build configuration list for PBXProject "TodoApp" */;
			compatibilityVersion = "Xcode 13.0";
			developmentRegion = en;
			hasScannedForEncodings = 0;
			knownRegions = (
				en,
				Base,
			);
			mainGroup = 4BB70A7527B0F6C4004A51DF;
			productRefGroup = 4BB70A7F27B0F6C4004A51DF /* Products */;
			projectDirPath = "";
			projectRoot = "";
			targets = (
				4BB70A7D27B0F6C4004A51DF /* TodoApp */,
			);
		};
/* End PBXProject section */

/* Begin PBXResourcesBuildPhase section */
		4BB70A7C27B0F6C4004A51DF /* Resources */ = {
			isa = PBXResourcesBuildPhase;
			buildActionMask = 2147483647;
			files = (
				4BB70A8E27B0F6C6004A51DF /* LaunchScreen.storyboard in Resources */,
				4BB70A8B27B0F6C6004A51DF /* Assets.xcassets in Resources */,
				4BB70A8927B0F6C4004A51DF /* Main.storyboard in Resources */,
			);
			runOnlyForDeploymentPostprocessing = 0;
		};
/* End PBXResourcesBuildPhase section */

/* Begin PBXShellScriptBuildPhase section */
		1075AE3CDBEA9FE515099691 /* [CP] Check Pods Manifest.lock */ = {
			isa = PBXShellScriptBuildPhase;
			buildActionMask = 2147483647;
			files = (
			);
			inputFileListPaths = (
			);
			inputPaths = (
				"${PODS_PODFILE_DIR_PATH}/Podfile.lock",
				"${PODS_ROOT}/Manifest.lock",
			);
			name = "[CP] Check Pods Manifest.lock";
			outputFileListPaths = (
			);
			outputPaths = (
				"$(DERIVED_FILE_DIR)/Pods-TodoApp-checkManifestLockResult.txt",
			);
			runOnlyForDeploymentPostprocessing = 0;
			shellPath = /bin/sh;
			shellScript = "diff \"${PODS_PODFILE_DIR_PATH}/Podfile.lock\" \"${PODS_ROOT}/Manifest.lock\" > /dev/null\nif [ $? != 0 ] ; then\n    # print error to STDERR\n    echo \"error: The sandbox is not in sync with the Podfile.lock. Run 'pod install' or update your CocoaPods installation.\" >&2\n    exit 1\nfi\n# This output is used by Xcode 'outputs' to avoid re-running this script phase.\necho \"SUCCESS\" > \"${SCRIPT_OUTPUT_FILE_0}\"\n";
			showEnvVarsInLog = 0;
		};
		CC83514D072E3EEA4288505C /* [CP] Embed Pods Frameworks */ = {
			isa = PBXShellScriptBuildPhase;
			buildActionMask = 2147483647;
			files = (
			);
			inputFileListPaths = (
				"${PODS_ROOT}/Target Support Files/Pods-TodoApp/Pods-TodoApp-frameworks-${CONFIGURATION}-input-files.xcfilelist",
			);
			name = "[CP] Embed Pods Frameworks";
			outputFileListPaths = (
				"${PODS_ROOT}/Target Support Files/Pods-TodoApp/Pods-TodoApp-frameworks-${CONFIGURATION}-output-files.xcfilelist",
			);
			runOnlyForDeploymentPostprocessing = 0;
			shellPath = /bin/sh;
			shellScript = "\"${PODS_ROOT}/Target Support Files/Pods-TodoApp/Pods-TodoApp-frameworks.sh\"\n";
			showEnvVarsInLog = 0;
		};
/* End PBXShellScriptBuildPhase section */

/* Begin PBXSourcesBuildPhase section */
		4BB70A7A27B0F6C4004A51DF /* Sources */ = {
			isa = PBXSourcesBuildPhase;
			buildActionMask = 2147483647;
			files = (
				4BB70A9A27B4062D004A51DF /* DataModel.xcdatamodeld in Sources */,
				4BA80EE527B8009B00E7AA6B /* Data.swift in Sources */,
				4BB70A8627B0F6C4004A51DF /* TodoListViewController.swift in Sources */,
				4BA80EE327B69DCE00E7AA6B /* CategoryTableViewController.swift in Sources */,
				4BB70A8227B0F6C4004A51DF /* AppDelegate.swift in Sources */,
				4BB70A8427B0F6C4004A51DF /* SceneDelegate.swift in Sources */,
			);
			runOnlyForDeploymentPostprocessing = 0;
		};
/* End PBXSourcesBuildPhase section */

/* Begin PBXVariantGroup section */
		4BB70A8727B0F6C4004A51DF /* Main.storyboard */ = {
			isa = PBXVariantGroup;
			children = (
				4BB70A8827B0F6C4004A51DF /* Base */,
			);
			name = Main.storyboard;
			sourceTree = "<group>";
		};
		4BB70A8C27B0F6C6004A51DF /* LaunchScreen.storyboard */ = {
			isa = PBXVariantGroup;
			children = (
				4BB70A8D27B0F6C6004A51DF /* Base */,
			);
			name = LaunchScreen.storyboard;
			sourceTree = "<group>";
		};
/* End PBXVariantGroup section */

/* Begin XCBuildConfiguration section */
		4BB70A9027B0F6C6004A51DF /* Debug */ = {
			isa = XCBuildConfiguration;
			buildSettings = {
				ALWAYS_SEARCH_USER_PATHS = NO;
				CLANG_ANALYZER_NONNULL = YES;
				CLANG_ANALYZER_NUMBER_OBJECT_CONVERSION = YES_AGGRESSIVE;
				CLANG_CXX_LANGUAGE_STANDARD = "gnu++17";
				CLANG_CXX_LIBRARY = "libc++";
				CLANG_ENABLE_MODULES = YES;
				CLANG_ENABLE_OBJC_ARC = YES;
				CLANG_ENABLE_OBJC_WEAK = YES;
				CLANG_WARN_BLOCK_CAPTURE_AUTORELEASING = YES;
				CLANG_WARN_BOOL_CONVERSION = YES;
				CLANG_WARN_COMMA = YES;
				CLANG_WARN_CONSTANT_CONVERSION = YES;
				CLANG_WARN_DEPRECATED_OBJC_IMPLEMENTATIONS = YES;
				CLANG_WARN_DIRECT_OBJC_ISA_USAGE = YES_ERROR;
				CLANG_WARN_DOCUMENTATION_COMMENTS = YES;
				CLANG_WARN_EMPTY_BODY = YES;
				CLANG_WARN_ENUM_CONVERSION = YES;
				CLANG_WARN_INFINITE_RECURSION = YES;
				CLANG_WARN_INT_CONVERSION = YES;
				CLANG_WARN_NON_LITERAL_NULL_CONVERSION = YES;
				CLANG_WARN_OBJC_IMPLICIT_RETAIN_SELF = YES;
				CLANG_WARN_OBJC_LITERAL_CONVERSION = YES;
				CLANG_WARN_OBJC_ROOT_CLASS = YES_ERROR;
				CLANG_WARN_QUOTED_INCLUDE_IN_FRAMEWORK_HEADER = YES;
				CLANG_WARN_RANGE_LOOP_ANALYSIS = YES;
				CLANG_WARN_STRICT_PROTOTYPES = YES;
				CLANG_WARN_SUSPICIOUS_MOVE = YES;
				CLANG_WARN_UNGUARDED_AVAILABILITY = YES_AGGRESSIVE;
				CLANG_WARN_UNREACHABLE_CODE = YES;
				CLANG_WARN__DUPLICATE_METHOD_MATCH = YES;
				COPY_PHASE_STRIP = NO;
				DEBUG_INFORMATION_FORMAT = dwarf;
				ENABLE_STRICT_OBJC_MSGSEND = YES;
				ENABLE_TESTABILITY = YES;
				GCC_C_LANGUAGE_STANDARD = gnu11;
				GCC_DYNAMIC_NO_PIC = NO;
				GCC_NO_COMMON_BLOCKS = YES;
				GCC_OPTIMIZATION_LEVEL = 0;
				GCC_PREPROCESSOR_DEFINITIONS = (
					"DEBUG=1",
					"$(inherited)",
				);
				GCC_WARN_64_TO_32_BIT_CONVERSION = YES;
				GCC_WARN_ABOUT_RETURN_TYPE = YES_ERROR;
				GCC_WARN_UNDECLARED_SELECTOR = YES;
				GCC_WARN_UNINITIALIZED_AUTOS = YES_AGGRESSIVE;
				GCC_WARN_UNUSED_FUNCTION = YES;
				GCC_WARN_UNUSED_VARIABLE = YES;
				IPHONEOS_DEPLOYMENT_TARGET = 15.2;
				MTL_ENABLE_DEBUG_INFO = INCLUDE_SOURCE;
				MTL_FAST_MATH = YES;
				ONLY_ACTIVE_ARCH = YES;
				SDKROOT = iphoneos;
				SWIFT_ACTIVE_COMPILATION_CONDITIONS = DEBUG;
				SWIFT_OPTIMIZATION_LEVEL = "-Onone";
			};
			name = Debug;
		};
		4BB70A9127B0F6C6004A51DF /* Release */ = {
			isa = XCBuildConfiguration;
			buildSettings = {
				ALWAYS_SEARCH_USER_PATHS = NO;
				CLANG_ANALYZER_NONNULL = YES;
				CLANG_ANALYZER_NUMBER_OBJECT_CONVERSION = YES_AGGRESSIVE;
				CLANG_CXX_LANGUAGE_STANDARD = "gnu++17";
				CLANG_CXX_LIBRARY = "libc++";
				CLANG_ENABLE_MODULES = YES;
				CLANG_ENABLE_OBJC_ARC = YES;
				CLANG_ENABLE_OBJC_WEAK = YES;
				CLANG_WARN_BLOCK_CAPTURE_AUTORELEASING = YES;
				CLANG_WARN_BOOL_CONVERSION = YES;
				CLANG_WARN_COMMA = YES;
				CLANG_WARN_CONSTANT_CONVERSION = YES;
				CLANG_WARN_DEPRECATED_OBJC_IMPLEMENTATIONS = YES;
				CLANG_WARN_DIRECT_OBJC_ISA_USAGE = YES_ERROR;
				CLANG_WARN_DOCUMENTATION_COMMENTS = YES;
				CLANG_WARN_EMPTY_BODY = YES;
				CLANG_WARN_ENUM_CONVERSION = YES;
				CLANG_WARN_INFINITE_RECURSION = YES;
				CLANG_WARN_INT_CONVERSION = YES;
				CLANG_WARN_NON_LITERAL_NULL_CONVERSION = YES;
				CLANG_WARN_OBJC_IMPLICIT_RETAIN_SELF = YES;
				CLANG_WARN_OBJC_LITERAL_CONVERSION = YES;
				CLANG_WARN_OBJC_ROOT_CLASS = YES_ERROR;
				CLANG_WARN_QUOTED_INCLUDE_IN_FRAMEWORK_HEADER = YES;
				CLANG_WARN_RANGE_LOOP_ANALYSIS = YES;
				CLANG_WARN_STRICT_PROTOTYPES = YES;
				CLANG_WARN_SUSPICIOUS_MOVE = YES;
				CLANG_WARN_UNGUARDED_AVAILABILITY = YES_AGGRESSIVE;
				CLANG_WARN_UNREACHABLE_CODE = YES;
				CLANG_WARN__DUPLICATE_METHOD_MATCH = YES;
				COPY_PHASE_STRIP = NO;
				DEBUG_INFORMATION_FORMAT = "dwarf-with-dsym";
				ENABLE_NS_ASSERTIONS = NO;
				ENABLE_STRICT_OBJC_MSGSEND = YES;
				GCC_C_LANGUAGE_STANDARD = gnu11;
				GCC_NO_COMMON_BLOCKS = YES;
				GCC_WARN_64_TO_32_BIT_CONVERSION = YES;
				GCC_WARN_ABOUT_RETURN_TYPE = YES_ERROR;
				GCC_WARN_UNDECLARED_SELECTOR = YES;
				GCC_WARN_UNINITIALIZED_AUTOS = YES_AGGRESSIVE;
				GCC_WARN_UNUSED_FUNCTION = YES;
				GCC_WARN_UNUSED_VARIABLE = YES;
				IPHONEOS_DEPLOYMENT_TARGET = 15.2;
				MTL_ENABLE_DEBUG_INFO = NO;
				MTL_FAST_MATH = YES;
				SDKROOT = iphoneos;
				SWIFT_COMPILATION_MODE = wholemodule;
				SWIFT_OPTIMIZATION_LEVEL = "-O";
				VALIDATE_PRODUCT = YES;
			};
			name = Release;
		};
		4BB70A9327B0F6C6004A51DF /* Debug */ = {
			isa = XCBuildConfiguration;
			baseConfigurationReference = 89C37F0DCE0FF168435D4EA9 /* Pods-TodoApp.debug.xcconfig */;
			buildSettings = {
				ASSETCATALOG_COMPILER_APPICON_NAME = AppIcon;
				ASSETCATALOG_COMPILER_GLOBAL_ACCENT_COLOR_NAME = AccentColor;
				CODE_SIGN_STYLE = Automatic;
				CURRENT_PROJECT_VERSION = 1;
				DEVELOPMENT_TEAM = Y5DZ85S2CD;
				GENERATE_INFOPLIST_FILE = YES;
				INFOPLIST_FILE = TodoApp/Info.plist;
				INFOPLIST_KEY_UIApplicationSupportsIndirectInputEvents = YES;
				INFOPLIST_KEY_UILaunchStoryboardName = LaunchScreen;
				INFOPLIST_KEY_UIMainStoryboardFile = Main;
				INFOPLIST_KEY_UISupportedInterfaceOrientations_iPad = "UIInterfaceOrientationPortrait UIInterfaceOrientationPortraitUpsideDown UIInterfaceOrientationLandscapeLeft UIInterfaceOrientationLandscapeRight";
				INFOPLIST_KEY_UISupportedInterfaceOrientations_iPhone = "UIInterfaceOrientationPortrait UIInterfaceOrientationLandscapeLeft UIInterfaceOrientationLandscapeRight";
				LD_RUNPATH_SEARCH_PATHS = (
					"$(inherited)",
					"@executable_path/Frameworks",
				);
				MARKETING_VERSION = 1.0;
				PRODUCT_BUNDLE_IDENTIFIER = com.Ren.TodoApp;
				PRODUCT_NAME = "$(TARGET_NAME)";
				SWIFT_EMIT_LOC_STRINGS = YES;
				SWIFT_VERSION = 5.0;
				TARGETED_DEVICE_FAMILY = "1,2";
			};
			name = Debug;
		};
		4BB70A9427B0F6C6004A51DF /* Release */ = {
			isa = XCBuildConfiguration;
			baseConfigurationReference = CEB9FFC08B2AB26081AEEA62 /* Pods-TodoApp.release.xcconfig */;
			buildSettings = {
				ASSETCATALOG_COMPILER_APPICON_NAME = AppIcon;
				ASSETCATALOG_COMPILER_GLOBAL_ACCENT_COLOR_NAME = AccentColor;
				CODE_SIGN_STYLE = Automatic;
				CURRENT_PROJECT_VERSION = 1;
				DEVELOPMENT_TEAM = Y5DZ85S2CD;
				GENERATE_INFOPLIST_FILE = YES;
				INFOPLIST_FILE = TodoApp/Info.plist;
				INFOPLIST_KEY_UIApplicationSupportsIndirectInputEvents = YES;
				INFOPLIST_KEY_UILaunchStoryboardName = LaunchScreen;
				INFOPLIST_KEY_UIMainStoryboardFile = Main;
				INFOPLIST_KEY_UISupportedInterfaceOrientations_iPad = "UIInterfaceOrientationPortrait UIInterfaceOrientationPortraitUpsideDown UIInterfaceOrientationLandscapeLeft UIInterfaceOrientationLandscapeRight";
				INFOPLIST_KEY_UISupportedInterfaceOrientations_iPhone = "UIInterfaceOrientationPortrait UIInterfaceOrientationLandscapeLeft UIInterfaceOrientationLandscapeRight";
				LD_RUNPATH_SEARCH_PATHS = (
					"$(inherited)",
					"@executable_path/Frameworks",
				);
				MARKETING_VERSION = 1.0;
				PRODUCT_BUNDLE_IDENTIFIER = com.Ren.TodoApp;
				PRODUCT_NAME = "$(TARGET_NAME)";
				SWIFT_EMIT_LOC_STRINGS = YES;
				SWIFT_VERSION = 5.0;
				TARGETED_DEVICE_FAMILY = "1,2";
			};
			name = Release;
		};
/* End XCBuildConfiguration section */

/* Begin XCConfigurationList section */
		4BB70A7927B0F6C4004A51DF /* Build configuration list for PBXProject "TodoApp" */ = {
			isa = XCConfigurationList;
			buildConfigurations = (
				4BB70A9027B0F6C6004A51DF /* Debug */,
				4BB70A9127B0F6C6004A51DF /* Release */,
			);
			defaultConfigurationIsVisible = 0;
			defaultConfigurationName = Release;
		};
		4BB70A9227B0F6C6004A51DF /* Build configuration list for PBXNativeTarget "TodoApp" */ = {
			isa = XCConfigurationList;
			buildConfigurations = (
				4BB70A9327B0F6C6004A51DF /* Debug */,
				4BB70A9427B0F6C6004A51DF /* Release */,
			);
			defaultConfigurationIsVisible = 0;
			defaultConfigurationName = Release;
		};
/* End XCConfigurationList section */

/* Begin XCVersionGroup section */
		4BB70A9827B4062C004A51DF /* DataModel.xcdatamodeld */ = {
			isa = XCVersionGroup;
			children = (
				4BB70A9927B4062D004A51DF /* DataModel.xcdatamodel */,
			);
			currentVersion = 4BB70A9927B4062D004A51DF /* DataModel.xcdatamodel */;
			path = DataModel.xcdatamodeld;
			sourceTree = "<group>";
			versionGroupType = wrapper.xcdatamodel;
		};
/* End XCVersionGroup section */
	};
	rootObject = 4BB70A7627B0F6C4004A51DF /* Project object */;
}
